// !$*UTF8*$!
{
	archiveVersion = 1;
	classes = {
	};
	objectVersion = 50;
	objects = {

/* Begin PBXBuildFile section */
		83BDCE22D255C2ABF5CB2ECE /* Pods_lab_chatbot_iOS.framework in Frameworks */ = {isa = PBXBuildFile; fileRef = 355F385952AF3F7120FCCEA0 /* Pods_lab_chatbot_iOS.framework */; };
		8D97949921CD856100145D88 /* ChatManager.swift in Sources */ = {isa = PBXBuildFile; fileRef = 8D97949821CD856100145D88 /* ChatManager.swift */; };
		8D97949B21CD85F100145D88 /* RequestHandler.swift in Sources */ = {isa = PBXBuildFile; fileRef = 8D97949A21CD85F100145D88 /* RequestHandler.swift */; };
		8D97949D21CD875700145D88 /* AlamofireClient.swift in Sources */ = {isa = PBXBuildFile; fileRef = 8D97949C21CD875700145D88 /* AlamofireClient.swift */; };
		8D9E3B4521CBF6F400417CBE /* SendMessageRequest.swift in Sources */ = {isa = PBXBuildFile; fileRef = 8D9E3B4421CBF6F400417CBE /* SendMessageRequest.swift */; };
		8DA6891221CD2FB2001B0DF1 /* Answer.swift in Sources */ = {isa = PBXBuildFile; fileRef = 8DA6891121CD2FB2001B0DF1 /* Answer.swift */; };
		8DC00D8721C982EF0079A904 /* AppDelegate.swift in Sources */ = {isa = PBXBuildFile; fileRef = 8DC00D8621C982EF0079A904 /* AppDelegate.swift */; };
		8DC00D8921C982EF0079A904 /* ViewController.swift in Sources */ = {isa = PBXBuildFile; fileRef = 8DC00D8821C982EF0079A904 /* ViewController.swift */; };
		8DC00D8C21C982EF0079A904 /* Main.storyboard in Resources */ = {isa = PBXBuildFile; fileRef = 8DC00D8A21C982EF0079A904 /* Main.storyboard */; };
		8DC00D8E21C982F00079A904 /* Assets.xcassets in Resources */ = {isa = PBXBuildFile; fileRef = 8DC00D8D21C982F00079A904 /* Assets.xcassets */; };
		8DC00D9121C982F00079A904 /* LaunchScreen.storyboard in Resources */ = {isa = PBXBuildFile; fileRef = 8DC00D8F21C982F00079A904 /* LaunchScreen.storyboard */; };
		8DCB410221CD358C00F78436 /* Watson.swift in Sources */ = {isa = PBXBuildFile; fileRef = 8DCB410121CD358C00F78436 /* Watson.swift */; };
/* End PBXBuildFile section */

/* Begin PBXFileReference section */
		355F385952AF3F7120FCCEA0 /* Pods_lab_chatbot_iOS.framework */ = {isa = PBXFileReference; explicitFileType = wrapper.framework; includeInIndex = 0; path = Pods_lab_chatbot_iOS.framework; sourceTree = BUILT_PRODUCTS_DIR; };
		70625E79AA87DD62D7887725 /* Pods-lab-chatbot-iOS.debug.xcconfig */ = {isa = PBXFileReference; includeInIndex = 1; lastKnownFileType = text.xcconfig; name = "Pods-lab-chatbot-iOS.debug.xcconfig"; path = "Pods/Target Support Files/Pods-lab-chatbot-iOS/Pods-lab-chatbot-iOS.debug.xcconfig"; sourceTree = "<group>"; };
		767A7582591B7AF6975CA86B /* Pods-lab-chatbot-iOS.release.xcconfig */ = {isa = PBXFileReference; includeInIndex = 1; lastKnownFileType = text.xcconfig; name = "Pods-lab-chatbot-iOS.release.xcconfig"; path = "Pods/Target Support Files/Pods-lab-chatbot-iOS/Pods-lab-chatbot-iOS.release.xcconfig"; sourceTree = "<group>"; };
		8D97949821CD856100145D88 /* ChatManager.swift */ = {isa = PBXFileReference; lastKnownFileType = sourcecode.swift; path = ChatManager.swift; sourceTree = "<group>"; };
		8D97949A21CD85F100145D88 /* RequestHandler.swift */ = {isa = PBXFileReference; lastKnownFileType = sourcecode.swift; path = RequestHandler.swift; sourceTree = "<group>"; };
		8D97949C21CD875700145D88 /* AlamofireClient.swift */ = {isa = PBXFileReference; lastKnownFileType = sourcecode.swift; path = AlamofireClient.swift; sourceTree = "<group>"; };
		8D9E3B4421CBF6F400417CBE /* SendMessageRequest.swift */ = {isa = PBXFileReference; lastKnownFileType = sourcecode.swift; path = SendMessageRequest.swift; sourceTree = "<group>"; };
		8DA6891121CD2FB2001B0DF1 /* Answer.swift */ = {isa = PBXFileReference; lastKnownFileType = sourcecode.swift; path = Answer.swift; sourceTree = "<group>"; };
		8DC00D8321C982EF0079A904 /* lab-chatbot-iOS.app */ = {isa = PBXFileReference; explicitFileType = wrapper.application; includeInIndex = 0; path = "lab-chatbot-iOS.app"; sourceTree = BUILT_PRODUCTS_DIR; };
		8DC00D8621C982EF0079A904 /* AppDelegate.swift */ = {isa = PBXFileReference; lastKnownFileType = sourcecode.swift; path = AppDelegate.swift; sourceTree = "<group>"; };
		8DC00D8821C982EF0079A904 /* ViewController.swift */ = {isa = PBXFileReference; lastKnownFileType = sourcecode.swift; path = ViewController.swift; sourceTree = "<group>"; };
		8DC00D8B21C982EF0079A904 /* Base */ = {isa = PBXFileReference; lastKnownFileType = file.storyboard; name = Base; path = Base.lproj/Main.storyboard; sourceTree = "<group>"; };
		8DC00D8D21C982F00079A904 /* Assets.xcassets */ = {isa = PBXFileReference; lastKnownFileType = folder.assetcatalog; path = Assets.xcassets; sourceTree = "<group>"; };
		8DC00D9021C982F00079A904 /* Base */ = {isa = PBXFileReference; lastKnownFileType = file.storyboard; name = Base; path = Base.lproj/LaunchScreen.storyboard; sourceTree = "<group>"; };
		8DC00D9221C982F00079A904 /* Info.plist */ = {isa = PBXFileReference; lastKnownFileType = text.plist.xml; path = Info.plist; sourceTree = "<group>"; };
		8DCB410121CD358C00F78436 /* Watson.swift */ = {isa = PBXFileReference; lastKnownFileType = sourcecode.swift; path = Watson.swift; sourceTree = "<group>"; };
/* End PBXFileReference section */

/* Begin PBXFrameworksBuildPhase section */
		8DC00D8021C982EF0079A904 /* Frameworks */ = {
			isa = PBXFrameworksBuildPhase;
			buildActionMask = 2147483647;
			files = (
				83BDCE22D255C2ABF5CB2ECE /* Pods_lab_chatbot_iOS.framework in Frameworks */,
			);
			runOnlyForDeploymentPostprocessing = 0;
		};
/* End PBXFrameworksBuildPhase section */

/* Begin PBXGroup section */
		498220724876D40EB3419557 /* Pods */ = {
			isa = PBXGroup;
			children = (
				70625E79AA87DD62D7887725 /* Pods-lab-chatbot-iOS.debug.xcconfig */,
				767A7582591B7AF6975CA86B /* Pods-lab-chatbot-iOS.release.xcconfig */,
			);
			name = Pods;
			sourceTree = "<group>";
		};
		8D9E3B4321CBF6BF00417CBE /* Network */ = {
			isa = PBXGroup;
			children = (
				8D9E3B4421CBF6F400417CBE /* SendMessageRequest.swift */,
				8D97949A21CD85F100145D88 /* RequestHandler.swift */,
				8D97949C21CD875700145D88 /* AlamofireClient.swift */,
			);
			path = Network;
			sourceTree = "<group>";
		};
		8DA2CCD421CAC38500F80822 /* Storyboard */ = {
			isa = PBXGroup;
			children = (
				8DC00D8F21C982F00079A904 /* LaunchScreen.storyboard */,
				8DC00D8A21C982EF0079A904 /* Main.storyboard */,
			);
			path = Storyboard;
			sourceTree = "<group>";
		};
		8DA2CCD521CAC39800F80822 /* ViewController */ = {
			isa = PBXGroup;
			children = (
				8DC00D8821C982EF0079A904 /* ViewController.swift */,
			);
			path = ViewController;
			sourceTree = "<group>";
		};
		8DA2CCD621CAC3C500F80822 /* Supporting Files */ = {
			isa = PBXGroup;
			children = (
				8DC00D8D21C982F00079A904 /* Assets.xcassets */,
				8DC00D8621C982EF0079A904 /* AppDelegate.swift */,
			);
			path = "Supporting Files";
			sourceTree = "<group>";
		};
		8DA2CCD721CAC40100F80822 /* Managers */ = {
			isa = PBXGroup;
			children = (
				8D9E3B4321CBF6BF00417CBE /* Network */,
				8D97949821CD856100145D88 /* ChatManager.swift */,
			);
			path = Managers;
			sourceTree = "<group>";
		};
		8DA6891021CD2F97001B0DF1 /* Model */ = {
			isa = PBXGroup;
			children = (
				8DA6891121CD2FB2001B0DF1 /* Answer.swift */,
				8DCB410121CD358C00F78436 /* Watson.swift */,
			);
			path = Model;
			sourceTree = "<group>";
		};
		8DC00D7A21C982EF0079A904 = {
			isa = PBXGroup;
			children = (
				8DC00D8521C982EF0079A904 /* lab-chatbot-iOS */,
				8DC00D8421C982EF0079A904 /* Products */,
				498220724876D40EB3419557 /* Pods */,
				DFED3D57E924CA42ED13CD64 /* Frameworks */,
			);
			sourceTree = "<group>";
		};
		8DC00D8421C982EF0079A904 /* Products */ = {
			isa = PBXGroup;
			children = (
				8DC00D8321C982EF0079A904 /* lab-chatbot-iOS.app */,
			);
			name = Products;
			sourceTree = "<group>";
		};
		8DC00D8521C982EF0079A904 /* lab-chatbot-iOS */ = {
			isa = PBXGroup;
			children = (
				8DA6891021CD2F97001B0DF1 /* Model */,
				8DC00D9221C982F00079A904 /* Info.plist */,
				8DA2CCD721CAC40100F80822 /* Managers */,
				8DA2CCD421CAC38500F80822 /* Storyboard */,
				8DA2CCD521CAC39800F80822 /* ViewController */,
				8DA2CCD621CAC3C500F80822 /* Supporting Files */,
			);
			path = "lab-chatbot-iOS";
			sourceTree = "<group>";
		};
		DFED3D57E924CA42ED13CD64 /* Frameworks */ = {
			isa = PBXGroup;
			children = (
				355F385952AF3F7120FCCEA0 /* Pods_lab_chatbot_iOS.framework */,
			);
			name = Frameworks;
			sourceTree = "<group>";
		};
/* End PBXGroup section */

/* Begin PBXNativeTarget section */
		8DC00D8221C982EF0079A904 /* lab-chatbot-iOS */ = {
			isa = PBXNativeTarget;
			buildConfigurationList = 8DC00D9521C982F00079A904 /* Build configuration list for PBXNativeTarget "lab-chatbot-iOS" */;
			buildPhases = (
				B21C26F9D57DFBF2FF6CAD8A /* [CP] Check Pods Manifest.lock */,
				8DC00D7F21C982EF0079A904 /* Sources */,
				8DC00D8021C982EF0079A904 /* Frameworks */,
				8DC00D8121C982EF0079A904 /* Resources */,
				DC06EC8B19716917C47C2A01 /* [CP] Embed Pods Frameworks */,
			);
			buildRules = (
			);
			dependencies = (
			);
			name = "lab-chatbot-iOS";
			productName = "lab-chatbot-iOS";
			productReference = 8DC00D8321C982EF0079A904 /* lab-chatbot-iOS.app */;
			productType = "com.apple.product-type.application";
		};
/* End PBXNativeTarget section */

/* Begin PBXProject section */
		8DC00D7B21C982EF0079A904 /* Project object */ = {
			isa = PBXProject;
			attributes = {
				LastSwiftUpdateCheck = 1010;
				LastUpgradeCheck = 1010;
				ORGANIZATIONNAME = Belatrix;
				TargetAttributes = {
					8DC00D8221C982EF0079A904 = {
						CreatedOnToolsVersion = 10.1;
					};
				};
			};
			buildConfigurationList = 8DC00D7E21C982EF0079A904 /* Build configuration list for PBXProject "lab-chatbot-iOS" */;
			compatibilityVersion = "Xcode 9.3";
			developmentRegion = en;
			hasScannedForEncodings = 0;
			knownRegions = (
				en,
				Base,
			);
			mainGroup = 8DC00D7A21C982EF0079A904;
			productRefGroup = 8DC00D8421C982EF0079A904 /* Products */;
			projectDirPath = "";
			projectRoot = "";
			targets = (
				8DC00D8221C982EF0079A904 /* lab-chatbot-iOS */,
			);
		};
/* End PBXProject section */

/* Begin PBXResourcesBuildPhase section */
		8DC00D8121C982EF0079A904 /* Resources */ = {
			isa = PBXResourcesBuildPhase;
			buildActionMask = 2147483647;
			files = (
				8DC00D9121C982F00079A904 /* LaunchScreen.storyboard in Resources */,
				8DC00D8E21C982F00079A904 /* Assets.xcassets in Resources */,
				8DC00D8C21C982EF0079A904 /* Main.storyboard in Resources */,
			);
			runOnlyForDeploymentPostprocessing = 0;
		};
/* End PBXResourcesBuildPhase section */

/* Begin PBXShellScriptBuildPhase section */
		B21C26F9D57DFBF2FF6CAD8A /* [CP] Check Pods Manifest.lock */ = {
			isa = PBXShellScriptBuildPhase;
			buildActionMask = 2147483647;
			files = (
			);
			inputFileListPaths = (
			);
			inputPaths = (
				"${PODS_PODFILE_DIR_PATH}/Podfile.lock",
				"${PODS_ROOT}/Manifest.lock",
			);
			name = "[CP] Check Pods Manifest.lock";
			outputFileListPaths = (
			);
			outputPaths = (
				"$(DERIVED_FILE_DIR)/Pods-lab-chatbot-iOS-checkManifestLockResult.txt",
			);
			runOnlyForDeploymentPostprocessing = 0;
			shellPath = /bin/sh;
			shellScript = "diff \"${PODS_PODFILE_DIR_PATH}/Podfile.lock\" \"${PODS_ROOT}/Manifest.lock\" > /dev/null\nif [ $? != 0 ] ; then\n    # print error to STDERR\n    echo \"error: The sandbox is not in sync with the Podfile.lock. Run 'pod install' or update your CocoaPods installation.\" >&2\n    exit 1\nfi\n# This output is used by Xcode 'outputs' to avoid re-running this script phase.\necho \"SUCCESS\" > \"${SCRIPT_OUTPUT_FILE_0}\"\n";
			showEnvVarsInLog = 0;
		};
		DC06EC8B19716917C47C2A01 /* [CP] Embed Pods Frameworks */ = {
			isa = PBXShellScriptBuildPhase;
			buildActionMask = 2147483647;
			files = (
			);
			inputFileListPaths = (
			);
			inputPaths = (
				"${SRCROOT}/Pods/Target Support Files/Pods-lab-chatbot-iOS/Pods-lab-chatbot-iOS-frameworks.sh",
				"${BUILT_PRODUCTS_DIR}/Alamofire/Alamofire.framework",
				"${BUILT_PRODUCTS_DIR}/BeamsChatkit/BeamsChatkit.framework",
				"${BUILT_PRODUCTS_DIR}/HPGrowingTextView/HPGrowingTextView.framework",
				"${BUILT_PRODUCTS_DIR}/MessageInputBar/MessageInputBar.framework",
				"${BUILT_PRODUCTS_DIR}/MessageKit/MessageKit.framework",
				"${BUILT_PRODUCTS_DIR}/PusherChatkit/PusherChatkit.framework",
				"${BUILT_PRODUCTS_DIR}/PusherPlatform/PusherPlatform.framework",
				"${BUILT_PRODUCTS_DIR}/SwiftyJSON/SwiftyJSON.framework",
			);
			name = "[CP] Embed Pods Frameworks";
			outputFileListPaths = (
			);
			outputPaths = (
				"${TARGET_BUILD_DIR}/${FRAMEWORKS_FOLDER_PATH}/Alamofire.framework",
				"${TARGET_BUILD_DIR}/${FRAMEWORKS_FOLDER_PATH}/BeamsChatkit.framework",
				"${TARGET_BUILD_DIR}/${FRAMEWORKS_FOLDER_PATH}/HPGrowingTextView.framework",
				"${TARGET_BUILD_DIR}/${FRAMEWORKS_FOLDER_PATH}/MessageInputBar.framework",
				"${TARGET_BUILD_DIR}/${FRAMEWORKS_FOLDER_PATH}/MessageKit.framework",
				"${TARGET_BUILD_DIR}/${FRAMEWORKS_FOLDER_PATH}/PusherChatkit.framework",
				"${TARGET_BUILD_DIR}/${FRAMEWORKS_FOLDER_PATH}/PusherPlatform.framework",
				"${TARGET_BUILD_DIR}/${FRAMEWORKS_FOLDER_PATH}/SwiftyJSON.framework",
			);
			runOnlyForDeploymentPostprocessing = 0;
			shellPath = /bin/sh;
			shellScript = "\"${SRCROOT}/Pods/Target Support Files/Pods-lab-chatbot-iOS/Pods-lab-chatbot-iOS-frameworks.sh\"\n";
			showEnvVarsInLog = 0;
		};
/* End PBXShellScriptBuildPhase section */

/* Begin PBXSourcesBuildPhase section */
		8DC00D7F21C982EF0079A904 /* Sources */ = {
			isa = PBXSourcesBuildPhase;
			buildActionMask = 2147483647;
			files = (
				8D97949B21CD85F100145D88 /* RequestHandler.swift in Sources */,
				8DC00D8921C982EF0079A904 /* ViewController.swift in Sources */,
				8DC00D8721C982EF0079A904 /* AppDelegate.swift in Sources */,
				8D9E3B4521CBF6F400417CBE /* SendMessageRequest.swift in Sources */,
				8D97949921CD856100145D88 /* ChatManager.swift in Sources */,
				8DCB410221CD358C00F78436 /* Watson.swift in Sources */,
				8DA6891221CD2FB2001B0DF1 /* Answer.swift in Sources */,
				8D97949D21CD875700145D88 /* AlamofireClient.swift in Sources */,
			);
			runOnlyForDeploymentPostprocessing = 0;
		};
/* End PBXSourcesBuildPhase section */

/* Begin PBXVariantGroup section */
		8DC00D8A21C982EF0079A904 /* Main.storyboard */ = {
			isa = PBXVariantGroup;
			children = (
				8DC00D8B21C982EF0079A904 /* Base */,
			);
			name = Main.storyboard;
			sourceTree = "<group>";
		};
		8DC00D8F21C982F00079A904 /* LaunchScreen.storyboard */ = {
			isa = PBXVariantGroup;
			children = (
				8DC00D9021C982F00079A904 /* Base */,
			);
			name = LaunchScreen.storyboard;
			sourceTree = "<group>";
		};
/* End PBXVariantGroup section */

/* Begin XCBuildConfiguration section */
		8DC00D9321C982F00079A904 /* Debug */ = {
			isa = XCBuildConfiguration;
			buildSettings = {
				ALWAYS_SEARCH_USER_PATHS = NO;
				CLANG_ANALYZER_NONNULL = YES;
				CLANG_ANALYZER_NUMBER_OBJECT_CONVERSION = YES_AGGRESSIVE;
				CLANG_CXX_LANGUAGE_STANDARD = "gnu++14";
				CLANG_CXX_LIBRARY = "libc++";
				CLANG_ENABLE_MODULES = YES;
				CLANG_ENABLE_OBJC_ARC = YES;
				CLANG_ENABLE_OBJC_WEAK = YES;
				CLANG_WARN_BLOCK_CAPTURE_AUTORELEASING = YES;
				CLANG_WARN_BOOL_CONVERSION = YES;
				CLANG_WARN_COMMA = YES;
				CLANG_WARN_CONSTANT_CONVERSION = YES;
				CLANG_WARN_DEPRECATED_OBJC_IMPLEMENTATIONS = YES;
				CLANG_WARN_DIRECT_OBJC_ISA_USAGE = YES_ERROR;
				CLANG_WARN_DOCUMENTATION_COMMENTS = YES;
				CLANG_WARN_EMPTY_BODY = YES;
				CLANG_WARN_ENUM_CONVERSION = YES;
				CLANG_WARN_INFINITE_RECURSION = YES;
				CLANG_WARN_INT_CONVERSION = YES;
				CLANG_WARN_NON_LITERAL_NULL_CONVERSION = YES;
				CLANG_WARN_OBJC_IMPLICIT_RETAIN_SELF = YES;
				CLANG_WARN_OBJC_LITERAL_CONVERSION = YES;
				CLANG_WARN_OBJC_ROOT_CLASS = YES_ERROR;
				CLANG_WARN_RANGE_LOOP_ANALYSIS = YES;
				CLANG_WARN_STRICT_PROTOTYPES = YES;
				CLANG_WARN_SUSPICIOUS_MOVE = YES;
				CLANG_WARN_UNGUARDED_AVAILABILITY = YES_AGGRESSIVE;
				CLANG_WARN_UNREACHABLE_CODE = YES;
				CLANG_WARN__DUPLICATE_METHOD_MATCH = YES;
				CODE_SIGN_IDENTITY = "iPhone Developer";
				COPY_PHASE_STRIP = NO;
				DEBUG_INFORMATION_FORMAT = dwarf;
				ENABLE_STRICT_OBJC_MSGSEND = YES;
				ENABLE_TESTABILITY = YES;
				GCC_C_LANGUAGE_STANDARD = gnu11;
				GCC_DYNAMIC_NO_PIC = NO;
				GCC_NO_COMMON_BLOCKS = YES;
				GCC_OPTIMIZATION_LEVEL = 0;
				GCC_PREPROCESSOR_DEFINITIONS = (
					"DEBUG=1",
					"$(inherited)",
				);
				GCC_WARN_64_TO_32_BIT_CONVERSION = YES;
				GCC_WARN_ABOUT_RETURN_TYPE = YES_ERROR;
				GCC_WARN_UNDECLARED_SELECTOR = YES;
				GCC_WARN_UNINITIALIZED_AUTOS = YES_AGGRESSIVE;
				GCC_WARN_UNUSED_FUNCTION = YES;
				GCC_WARN_UNUSED_VARIABLE = YES;
				IPHONEOS_DEPLOYMENT_TARGET = 12.1;
				MTL_ENABLE_DEBUG_INFO = INCLUDE_SOURCE;
				MTL_FAST_MATH = YES;
				ONLY_ACTIVE_ARCH = YES;
				SDKROOT = iphoneos;
				SWIFT_ACTIVE_COMPILATION_CONDITIONS = DEBUG;
				SWIFT_OPTIMIZATION_LEVEL = "-Onone";
			};
			name = Debug;
		};
		8DC00D9421C982F00079A904 /* Release */ = {
			isa = XCBuildConfiguration;
			buildSettings = {
				ALWAYS_SEARCH_USER_PATHS = NO;
				CLANG_ANALYZER_NONNULL = YES;
				CLANG_ANALYZER_NUMBER_OBJECT_CONVERSION = YES_AGGRESSIVE;
				CLANG_CXX_LANGUAGE_STANDARD = "gnu++14";
				CLANG_CXX_LIBRARY = "libc++";
				CLANG_ENABLE_MODULES = YES;
				CLANG_ENABLE_OBJC_ARC = YES;
				CLANG_ENABLE_OBJC_WEAK = YES;
				CLANG_WARN_BLOCK_CAPTURE_AUTORELEASING = YES;
				CLANG_WARN_BOOL_CONVERSION = YES;
				CLANG_WARN_COMMA = YES;
				CLANG_WARN_CONSTANT_CONVERSION = YES;
				CLANG_WARN_DEPRECATED_OBJC_IMPLEMENTATIONS = YES;
				CLANG_WARN_DIRECT_OBJC_ISA_USAGE = YES_ERROR;
				CLANG_WARN_DOCUMENTATION_COMMENTS = YES;
				CLANG_WARN_EMPTY_BODY = YES;
				CLANG_WARN_ENUM_CONVERSION = YES;
				CLANG_WARN_INFINITE_RECURSION = YES;
				CLANG_WARN_INT_CONVERSION = YES;
				CLANG_WARN_NON_LITERAL_NULL_CONVERSION = YES;
				CLANG_WARN_OBJC_IMPLICIT_RETAIN_SELF = YES;
				CLANG_WARN_OBJC_LITERAL_CONVERSION = YES;
				CLANG_WARN_OBJC_ROOT_CLASS = YES_ERROR;
				CLANG_WARN_RANGE_LOOP_ANALYSIS = YES;
				CLANG_WARN_STRICT_PROTOTYPES = YES;
				CLANG_WARN_SUSPICIOUS_MOVE = YES;
				CLANG_WARN_UNGUARDED_AVAILABILITY = YES_AGGRESSIVE;
				CLANG_WARN_UNREACHABLE_CODE = YES;
				CLANG_WARN__DUPLICATE_METHOD_MATCH = YES;
				CODE_SIGN_IDENTITY = "iPhone Developer";
				COPY_PHASE_STRIP = NO;
				DEBUG_INFORMATION_FORMAT = "dwarf-with-dsym";
				ENABLE_NS_ASSERTIONS = NO;
				ENABLE_STRICT_OBJC_MSGSEND = YES;
				GCC_C_LANGUAGE_STANDARD = gnu11;
				GCC_NO_COMMON_BLOCKS = YES;
				GCC_WARN_64_TO_32_BIT_CONVERSION = YES;
				GCC_WARN_ABOUT_RETURN_TYPE = YES_ERROR;
				GCC_WARN_UNDECLARED_SELECTOR = YES;
				GCC_WARN_UNINITIALIZED_AUTOS = YES_AGGRESSIVE;
				GCC_WARN_UNUSED_FUNCTION = YES;
				GCC_WARN_UNUSED_VARIABLE = YES;
				IPHONEOS_DEPLOYMENT_TARGET = 12.1;
				MTL_ENABLE_DEBUG_INFO = NO;
				MTL_FAST_MATH = YES;
				SDKROOT = iphoneos;
				SWIFT_COMPILATION_MODE = wholemodule;
				SWIFT_OPTIMIZATION_LEVEL = "-O";
				VALIDATE_PRODUCT = YES;
			};
			name = Release;
		};
		8DC00D9621C982F00079A904 /* Debug */ = {
			isa = XCBuildConfiguration;
			baseConfigurationReference = 70625E79AA87DD62D7887725 /* Pods-lab-chatbot-iOS.debug.xcconfig */;
			buildSettings = {
				ASSETCATALOG_COMPILER_APPICON_NAME = AppIcon;
				CODE_SIGN_STYLE = Automatic;
				INFOPLIST_FILE = "lab-chatbot-iOS/Info.plist";
				LD_RUNPATH_SEARCH_PATHS = (
					"$(inherited)",
					"@executable_path/Frameworks",
				);
				PRODUCT_BUNDLE_IDENTIFIER = "com.belatrix.lab-chatbot-iOS";
				PRODUCT_NAME = "$(TARGET_NAME)";
				SWIFT_VERSION = 4.2;
				TARGETED_DEVICE_FAMILY = "1,2";
			};
			name = Debug;
		};
		8DC00D9721C982F00079A904 /* Release */ = {
			isa = XCBuildConfiguration;
			baseConfigurationReference = 767A7582591B7AF6975CA86B /* Pods-lab-chatbot-iOS.release.xcconfig */;
			buildSettings = {
				ASSETCATALOG_COMPILER_APPICON_NAME = AppIcon;
				CODE_SIGN_STYLE = Automatic;
				INFOPLIST_FILE = "lab-chatbot-iOS/Info.plist";
				LD_RUNPATH_SEARCH_PATHS = (
					"$(inherited)",
					"@executable_path/Frameworks",
				);
				PRODUCT_BUNDLE_IDENTIFIER = "com.belatrix.lab-chatbot-iOS";
				PRODUCT_NAME = "$(TARGET_NAME)";
				SWIFT_VERSION = 4.2;
				TARGETED_DEVICE_FAMILY = "1,2";
			};
			name = Release;
		};
/* End XCBuildConfiguration section */

/* Begin XCConfigurationList section */
		8DC00D7E21C982EF0079A904 /* Build configuration list for PBXProject "lab-chatbot-iOS" */ = {
			isa = XCConfigurationList;
			buildConfigurations = (
				8DC00D9321C982F00079A904 /* Debug */,
				8DC00D9421C982F00079A904 /* Release */,
			);
			defaultConfigurationIsVisible = 0;
			defaultConfigurationName = Release;
		};
		8DC00D9521C982F00079A904 /* Build configuration list for PBXNativeTarget "lab-chatbot-iOS" */ = {
			isa = XCConfigurationList;
			buildConfigurations = (
				8DC00D9621C982F00079A904 /* Debug */,
				8DC00D9721C982F00079A904 /* Release */,
			);
			defaultConfigurationIsVisible = 0;
			defaultConfigurationName = Release;
		};
/* End XCConfigurationList section */
	};
	rootObject = 8DC00D7B21C982EF0079A904 /* Project object */;
}
